
Microsoft Visual Studio Solution File, Format Version 12.00
# Visual Studio Version 17
VisualStudioVersion = 17.10.35027.167
MinimumVisualStudioVersion = 10.0.40219.1
Project("{FAE04EC0-301F-11D3-BF4B-00C04F79EFBC}") = "GraphQLBooksApi", "GraphQLBooksApi\GraphQLBooksApi.csproj", "{57F39749-1389-47D8-B60C-D02BBE1AE830}"
EndProject
Global
	GlobalSection(SolutionConfigurationPlatforms) = preSolution
		Debug|Any CPU = Debug|Any CPU
		Release|Any CPU = Release|Any CPU
	EndGlobalSection
	GlobalSection(ProjectConfigurationPlatforms) = postSolution
		{57F39749-1389-47D8-B60C-D02BBE1AE830}.Debug|Any CPU.ActiveCfg = Debug|Any CPU
		{57F39749-1389-47D8-B60C-D02BBE1AE830}.Debug|Any CPU.Build.0 = Debug|Any CPU
		{57F39749-1389-47D8-B60C-D02BBE1AE830}.Release|Any CPU.ActiveCfg = Release|Any CPU
		{57F39749-1389-47D8-B60C-D02BBE1AE830}.Release|Any CPU.Build.0 = Release|Any CPU
	EndGlobalSection
	GlobalSection(SolutionProperties) = preSolution
		HideSolutionNode = FALSE
	EndGlobalSection
	GlobalSection(ExtensibilityGlobals) = postSolution
		SolutionGuid = {0BF6CA29-0192-4161-B35D-43B2FBAD905D}
	EndGlobalSection
EndGlobal
